PODS:
  - Commander (0.9.2)
  - PathKit (1.0.1)

DEPENDENCIES:
  - Commander
  - PathKit

SPEC REPOS:
  trunk:
    - Commander
    - PathKit

SPEC CHECKSUMS:
  Commander: 0cfeb9c2c518d04ba8fb7253e4718eb3f8dbf995
  PathKit: 83b97c9c61b62e61ecafd598b33b2782575c33e4

PODFILE CHECKSUM: 23692ab7be67ecc9d1c1a527030a4f029e0e5bff

COCOAPODS: 1.12.1
