PODS:
  - Commander (0.9.1)
  - PathKit (1.0.0)

DEPENDENCIES:
  - Commander
  - PathKit

SPEC REPOS:
  trunk:
    - Commander
    - PathKit

SPEC CHECKSUMS:
  Commander: 723330cf3697b604c00afb9db9576be81a03c501
  PathKit: 364e0de7fb5adb142aecab4e112187e5548fc4b6

PODFILE CHECKSUM: 98e08c8159e17ec558d9ae77b1938a6f6bae769f

COCOAPODS: 1.10.1
